
Microsoft Visual Studio Solution File, Format Version 12.00
# Visual Studio Version 16
VisualStudioVersion = 16.0.29926.136
MinimumVisualStudioVersion = 10.0.40219.1
Project("{FAE04EC0-301F-11D3-BF4B-00C04F79EFBC}") = "SumaContaMTx", "SumaContaMT\SumaContaMTx.csproj", "{4B75670F-14AB-4E89-A1CA-40DC7E8F15B5}"
EndProject
Global
	GlobalSection(SolutionConfigurationPlatforms) = preSolution
		Debug|Any CPU = Debug|Any CPU
		Release|Any CPU = Release|Any CPU
	EndGlobalSection
	GlobalSection(ProjectConfigurationPlatforms) = postSolution
		{4B75670F-14AB-4E89-A1CA-40DC7E8F15B5}.Debug|Any CPU.ActiveCfg = Debug|Any CPU
		{4B75670F-14AB-4E89-A1CA-40DC7E8F15B5}.Debug|Any CPU.Build.0 = Debug|Any CPU
		{4B75670F-14AB-4E89-A1CA-40DC7E8F15B5}.Release|Any CPU.ActiveCfg = Release|Any CPU
		{4B75670F-14AB-4E89-A1CA-40DC7E8F15B5}.Release|Any CPU.Build.0 = Release|Any CPU
	EndGlobalSection
	GlobalSection(SolutionProperties) = preSolution
		HideSolutionNode = FALSE
	EndGlobalSection
	GlobalSection(ExtensibilityGlobals) = postSolution
		SolutionGuid = {6CC76285-9DFB-4C4C-8DDA-916012670930}
	EndGlobalSection
EndGlobal
